
Microsoft Visual Studio Solution File, Format Version 12.00
# Visual Studio Version 17
VisualStudioVersion = 17.8.34316.72
MinimumVisualStudioVersion = 10.0.40219.1
Project("{FAE04EC0-301F-11D3-BF4B-00C04F79EFBC}") = "Sort", "BubbleSort\Sort.csproj", "{6BCBC36F-1A11-4304-8ED6-351218BCB33A}"
EndProject
Global
	GlobalSection(SolutionConfigurationPlatforms) = preSolution
		Debug|Any CPU = Debug|Any CPU
		Release|Any CPU = Release|Any CPU
	EndGlobalSection
	GlobalSection(ProjectConfigurationPlatforms) = postSolution
		{6BCBC36F-1A11-4304-8ED6-351218BCB33A}.Debug|Any CPU.ActiveCfg = Debug|Any CPU
		{6BCBC36F-1A11-4304-8ED6-351218BCB33A}.Debug|Any CPU.Build.0 = Debug|Any CPU
		{6BCBC36F-1A11-4304-8ED6-351218BCB33A}.Release|Any CPU.ActiveCfg = Release|Any CPU
		{6BCBC36F-1A11-4304-8ED6-351218BCB33A}.Release|Any CPU.Build.0 = Release|Any CPU
	EndGlobalSection
	GlobalSection(SolutionProperties) = preSolution
		HideSolutionNode = FALSE
	EndGlobalSection
	GlobalSection(ExtensibilityGlobals) = postSolution
		SolutionGuid = {349C68EE-9410-4711-9EF3-CCE9B6FD9925}
	EndGlobalSection
EndGlobal
